
Microsoft Visual Studio Solution File, Format Version 12.00
# Visual Studio Version 17
VisualStudioVersion = 17.14.36221.1 d17.14
MinimumVisualStudioVersion = 10.0.40219.1
Project("{FAE04EC0-301F-11D3-BF4B-00C04F79EFBC}") = "C44-G02-OOP05", "C44-G02-OOP05\C44-G02-OOP05.csproj", "{69DFA6E6-C55B-4513-84B5-44D384FE7DEF}"
EndProject
Global
	GlobalSection(SolutionConfigurationPlatforms) = preSolution
		Debug|Any CPU = Debug|Any CPU
		Release|Any CPU = Release|Any CPU
	EndGlobalSection
	GlobalSection(ProjectConfigurationPlatforms) = postSolution
		{69DFA6E6-C55B-4513-84B5-44D384FE7DEF}.Debug|Any CPU.ActiveCfg = Debug|Any CPU
		{69DFA6E6-C55B-4513-84B5-44D384FE7DEF}.Debug|Any CPU.Build.0 = Debug|Any CPU
		{69DFA6E6-C55B-4513-84B5-44D384FE7DEF}.Release|Any CPU.ActiveCfg = Release|Any CPU
		{69DFA6E6-C55B-4513-84B5-44D384FE7DEF}.Release|Any CPU.Build.0 = Release|Any CPU
	EndGlobalSection
	GlobalSection(SolutionProperties) = preSolution
		HideSolutionNode = FALSE
	EndGlobalSection
	GlobalSection(ExtensibilityGlobals) = postSolution
		SolutionGuid = {6986BD4A-EBB9-482D-BD00-52E689D752B7}
	EndGlobalSection
EndGlobal
